
Microsoft Visual Studio Solution File, Format Version 12.00
# Visual Studio 14
VisualStudioVersion = 14.0.23107.0
MinimumVisualStudioVersion = 10.0.40219.1
Project("{F2A71F9B-5D33-465A-A702-920D77279786}") = "HolidaysApi.WebHost", "HolidaysApi.WebHost\HolidaysApi.WebHost.fsproj", "{0DA1FEE2-E3FF-41BC-AECA-9D784D209A98}"
EndProject
Project("{F2A71F9B-5D33-465A-A702-920D77279786}") = "HolidaysApi", "HolidaysApi\HolidaysApi.fsproj", "{0AA038B3-7225-4AD8-9C3A-95B16EA01D44}"
EndProject
Project("{F2A71F9B-5D33-465A-A702-920D77279786}") = "HolidaysApi.Tests", "HolidaysApi.Tests\HolidaysApi.Tests.fsproj", "{52C2D53B-55CB-4753-84CE-F81365247730}"
EndProject
Global
	GlobalSection(SolutionConfigurationPlatforms) = preSolution
		Debug|Any CPU = Debug|Any CPU
		Release|Any CPU = Release|Any CPU
	EndGlobalSection
	GlobalSection(ProjectConfigurationPlatforms) = postSolution
		{0DA1FEE2-E3FF-41BC-AECA-9D784D209A98}.Debug|Any CPU.ActiveCfg = Debug|Any CPU
		{0DA1FEE2-E3FF-41BC-AECA-9D784D209A98}.Debug|Any CPU.Build.0 = Debug|Any CPU
		{0DA1FEE2-E3FF-41BC-AECA-9D784D209A98}.Release|Any CPU.ActiveCfg = Release|Any CPU
		{0DA1FEE2-E3FF-41BC-AECA-9D784D209A98}.Release|Any CPU.Build.0 = Release|Any CPU
		{0AA038B3-7225-4AD8-9C3A-95B16EA01D44}.Debug|Any CPU.ActiveCfg = Debug|Any CPU
		{0AA038B3-7225-4AD8-9C3A-95B16EA01D44}.Debug|Any CPU.Build.0 = Debug|Any CPU
		{0AA038B3-7225-4AD8-9C3A-95B16EA01D44}.Release|Any CPU.ActiveCfg = Release|Any CPU
		{0AA038B3-7225-4AD8-9C3A-95B16EA01D44}.Release|Any CPU.Build.0 = Release|Any CPU
		{52C2D53B-55CB-4753-84CE-F81365247730}.Debug|Any CPU.ActiveCfg = Debug|Any CPU
		{52C2D53B-55CB-4753-84CE-F81365247730}.Debug|Any CPU.Build.0 = Debug|Any CPU
		{52C2D53B-55CB-4753-84CE-F81365247730}.Release|Any CPU.ActiveCfg = Release|Any CPU
		{52C2D53B-55CB-4753-84CE-F81365247730}.Release|Any CPU.Build.0 = Release|Any CPU
	EndGlobalSection
	GlobalSection(SolutionProperties) = preSolution
		HideSolutionNode = FALSE
	EndGlobalSection
EndGlobal
